# This file is automatically @generated by Cargo.
# It is not intended for manual editing.
version = 4

[[package]]
name = "xtask"
version = "0.0.0"

[[package]]
name = "yaca-cli"
version = "0.0.0"

[[package]]
name = "yaca-client"
version = "0.0.0"

[[package]]
name = "yaca-core"
version = "0.0.0"

[[package]]
name = "yaca-proto"
version = "0.0.0"

[[package]]
name = "yaca-provider"
version = "0.0.0"

[[package]]
name = "yaca-server"
version = "0.0.0"

[[package]]
name = "yaca-store"
version = "0.0.0"

[[package]]
name = "yaca-tool"
version = "0.0.0"

[[package]]
name = "yaca-tui"
version = "0.0.0"
